// !$*UTF8*$!
{
	archiveVersion = 1;
	classes = {
	};
	objectVersion = 46;
	objects = {

/* Begin PBXBuildFile section */
		96F13F041CAF32900050E30B /* AppDelegate.swift in Sources */ = {isa = PBXBuildFile; fileRef = 96F13F031CAF32900050E30B /* AppDelegate.swift */; };
		96F13F061CAF32900050E30B /* Document.swift in Sources */ = {isa = PBXBuildFile; fileRef = 96F13F051CAF32900050E30B /* Document.swift */; };
		96F13F091CAF32910050E30B /* Document.xib in Resources */ = {isa = PBXBuildFile; fileRef = 96F13F071CAF32910050E30B /* Document.xib */; };
		96F13F0B1CAF32910050E30B /* Assets.xcassets in Resources */ = {isa = PBXBuildFile; fileRef = 96F13F0A1CAF32910050E30B /* Assets.xcassets */; };
		96F13F0E1CAF32910050E30B /* MainMenu.xib in Resources */ = {isa = PBXBuildFile; fileRef = 96F13F0C1CAF32910050E30B /* MainMenu.xib */; };
		96F13F161CAF32A10050E30B /* Employee.swift in Sources */ = {isa = PBXBuildFile; fileRef = 96F13F151CAF32A10050E30B /* Employee.swift */; };
/* End PBXBuildFile section */

/* Begin PBXFileReference section */
		96F13F001CAF32900050E30B /* RaiseMan.app */ = {isa = PBXFileReference; explicitFileType = wrapper.application; includeInIndex = 0; path = RaiseMan.app; sourceTree = BUILT_PRODUCTS_DIR; };
		96F13F031CAF32900050E30B /* AppDelegate.swift */ = {isa = PBXFileReference; lastKnownFileType = sourcecode.swift; path = AppDelegate.swift; sourceTree = "<group>"; };
		96F13F051CAF32900050E30B /* Document.swift */ = {isa = PBXFileReference; lastKnownFileType = sourcecode.swift; path = Document.swift; sourceTree = "<group>"; };
		96F13F081CAF32910050E30B /* Base */ = {isa = PBXFileReference; lastKnownFileType = file.xib; name = Base; path = Base.lproj/Document.xib; sourceTree = "<group>"; };
		96F13F0A1CAF32910050E30B /* Assets.xcassets */ = {isa = PBXFileReference; lastKnownFileType = folder.assetcatalog; path = Assets.xcassets; sourceTree = "<group>"; };
		96F13F0D1CAF32910050E30B /* Base */ = {isa = PBXFileReference; lastKnownFileType = file.xib; name = Base; path = Base.lproj/MainMenu.xib; sourceTree = "<group>"; };
		96F13F0F1CAF32910050E30B /* Info.plist */ = {isa = PBXFileReference; lastKnownFileType = text.plist.xml; path = Info.plist; sourceTree = "<group>"; };
		96F13F151CAF32A10050E30B /* Employee.swift */ = {isa = PBXFileReference; fileEncoding = 4; lastKnownFileType = sourcecode.swift; path = Employee.swift; sourceTree = "<group>"; };
/* End PBXFileReference section */

/* Begin PBXFrameworksBuildPhase section */
		96F13EFD1CAF32900050E30B /* Frameworks */ = {
			isa = PBXFrameworksBuildPhase;
			buildActionMask = 2147483647;
			files = (
			);
			runOnlyForDeploymentPostprocessing = 0;
		};
/* End PBXFrameworksBuildPhase section */

/* Begin PBXGroup section */
		96F13EF71CAF32900050E30B = {
			isa = PBXGroup;
			children = (
				96F13F021CAF32900050E30B /* RaiseMan */,
				96F13F011CAF32900050E30B /* Products */,
			);
			sourceTree = "<group>";
		};
		96F13F011CAF32900050E30B /* Products */ = {
			isa = PBXGroup;
			children = (
				96F13F001CAF32900050E30B /* RaiseMan.app */,
			);
			name = Products;
			sourceTree = "<group>";
		};
		96F13F021CAF32900050E30B /* RaiseMan */ = {
			isa = PBXGroup;
			children = (
				96F13F031CAF32900050E30B /* AppDelegate.swift */,
				96F13F051CAF32900050E30B /* Document.swift */,
				96F13F071CAF32910050E30B /* Document.xib */,
				96F13F0A1CAF32910050E30B /* Assets.xcassets */,
				96F13F0C1CAF32910050E30B /* MainMenu.xib */,
				96F13F0F1CAF32910050E30B /* Info.plist */,
				96F13F151CAF32A10050E30B /* Employee.swift */,
			);
			path = RaiseMan;
			sourceTree = "<group>";
		};
/* End PBXGroup section */

/* Begin PBXNativeTarget section */
		96F13EFF1CAF32900050E30B /* RaiseMan */ = {
			isa = PBXNativeTarget;
			buildConfigurationList = 96F13F121CAF32910050E30B /* Build configuration list for PBXNativeTarget "RaiseMan" */;
			buildPhases = (
				96F13EFC1CAF32900050E30B /* Sources */,
				96F13EFD1CAF32900050E30B /* Frameworks */,
				96F13EFE1CAF32900050E30B /* Resources */,
			);
			buildRules = (
			);
			dependencies = (
			);
			name = RaiseMan;
			productName = RaiseMan;
			productReference = 96F13F001CAF32900050E30B /* RaiseMan.app */;
			productType = "com.apple.product-type.application";
		};
/* End PBXNativeTarget section */

/* Begin PBXProject section */
		96F13EF81CAF32900050E30B /* Project object */ = {
			isa = PBXProject;
			attributes = {
				LastSwiftUpdateCheck = 0730;
				LastUpgradeCheck = 0730;
				ORGANIZATIONNAME = "Jason Zheng";
				TargetAttributes = {
					96F13EFF1CAF32900050E30B = {
						CreatedOnToolsVersion = 7.3;
					};
				};
			};
			buildConfigurationList = 96F13EFB1CAF32900050E30B /* Build configuration list for PBXProject "RaiseMan" */;
			compatibilityVersion = "Xcode 3.2";
			developmentRegion = English;
			hasScannedForEncodings = 0;
			knownRegions = (
				en,
				Base,
			);
			mainGroup = 96F13EF71CAF32900050E30B;
			productRefGroup = 96F13F011CAF32900050E30B /* Products */;
			projectDirPath = "";
			projectRoot = "";
			targets = (
				96F13EFF1CAF32900050E30B /* RaiseMan */,
			);
		};
/* End PBXProject section */

/* Begin PBXResourcesBuildPhase section */
		96F13EFE1CAF32900050E30B /* Resources */ = {
			isa = PBXResourcesBuildPhase;
			buildActionMask = 2147483647;
			files = (
				96F13F0B1CAF32910050E30B /* Assets.xcassets in Resources */,
				96F13F091CAF32910050E30B /* Document.xib in Resources */,
				96F13F0E1CAF32910050E30B /* MainMenu.xib in Resources */,
			);
			runOnlyForDeploymentPostprocessing = 0;
		};
/* End PBXResourcesBuildPhase section */

/* Begin PBXSourcesBuildPhase section */
		96F13EFC1CAF32900050E30B /* Sources */ = {
			isa = PBXSourcesBuildPhase;
			buildActionMask = 2147483647;
			files = (
				96F13F061CAF32900050E30B /* Document.swift in Sources */,
				96F13F161CAF32A10050E30B /* Employee.swift in Sources */,
				96F13F041CAF32900050E30B /* AppDelegate.swift in Sources */,
			);
			runOnlyForDeploymentPostprocessing = 0;
		};
/* End PBXSourcesBuildPhase section */

/* Begin PBXVariantGroup section */
		96F13F071CAF32910050E30B /* Document.xib */ = {
			isa = PBXVariantGroup;
			children = (
				96F13F081CAF32910050E30B /* Base */,
			);
			name = Document.xib;
			sourceTree = "<group>";
		};
		96F13F0C1CAF32910050E30B /* MainMenu.xib */ = {
			isa = PBXVariantGroup;
			children = (
				96F13F0D1CAF32910050E30B /* Base */,
			);
			name = MainMenu.xib;
			sourceTree = "<group>";
		};
/* End PBXVariantGroup section */

/* Begin XCBuildConfiguration section */
		96F13F101CAF32910050E30B /* Debug */ = {
			isa = XCBuildConfiguration;
			buildSettings = {
				ALWAYS_SEARCH_USER_PATHS = NO;
				CLANG_ANALYZER_NONNULL = YES;
				CLANG_CXX_LANGUAGE_STANDARD = "gnu++0x";
				CLANG_CXX_LIBRARY = "libc++";
				CLANG_ENABLE_MODULES = YES;
				CLANG_ENABLE_OBJC_ARC = YES;
				CLANG_WARN_BOOL_CONVERSION = YES;
				CLANG_WARN_CONSTANT_CONVERSION = YES;
				CLANG_WARN_DIRECT_OBJC_ISA_USAGE = YES_ERROR;
				CLANG_WARN_EMPTY_BODY = YES;
				CLANG_WARN_ENUM_CONVERSION = YES;
				CLANG_WARN_INT_CONVERSION = YES;
				CLANG_WARN_OBJC_ROOT_CLASS = YES_ERROR;
				CLANG_WARN_UNREACHABLE_CODE = YES;
				CLANG_WARN__DUPLICATE_METHOD_MATCH = YES;
				CODE_SIGN_IDENTITY = "-";
				COPY_PHASE_STRIP = NO;
				DEBUG_INFORMATION_FORMAT = dwarf;
				ENABLE_STRICT_OBJC_MSGSEND = YES;
				ENABLE_TESTABILITY = YES;
				GCC_C_LANGUAGE_STANDARD = gnu99;
				GCC_DYNAMIC_NO_PIC = NO;
				GCC_NO_COMMON_BLOCKS = YES;
				GCC_OPTIMIZATION_LEVEL = 0;
				GCC_PREPROCESSOR_DEFINITIONS = (
					"DEBUG=1",
					"$(inherited)",
				);
				GCC_WARN_64_TO_32_BIT_CONVERSION = YES;
				GCC_WARN_ABOUT_RETURN_TYPE = YES_ERROR;
				GCC_WARN_UNDECLARED_SELECTOR = YES;
				GCC_WARN_UNINITIALIZED_AUTOS = YES_AGGRESSIVE;
				GCC_WARN_UNUSED_FUNCTION = YES;
				GCC_WARN_UNUSED_VARIABLE = YES;
				MACOSX_DEPLOYMENT_TARGET = 10.11;
				MTL_ENABLE_DEBUG_INFO = YES;
				ONLY_ACTIVE_ARCH = YES;
				SDKROOT = macosx;
				SWIFT_OPTIMIZATION_LEVEL = "-Onone";
			};
			name = Debug;
		};
		96F13F111CAF32910050E30B /* Release */ = {
			isa = XCBuildConfiguration;
			buildSettings = {
				ALWAYS_SEARCH_USER_PATHS = NO;
				CLANG_ANALYZER_NONNULL = YES;
				CLANG_CXX_LANGUAGE_STANDARD = "gnu++0x";
				CLANG_CXX_LIBRARY = "libc++";
				CLANG_ENABLE_MODULES = YES;
				CLANG_ENABLE_OBJC_ARC = YES;
				CLANG_WARN_BOOL_CONVERSION = YES;
				CLANG_WARN_CONSTANT_CONVERSION = YES;
				CLANG_WARN_DIRECT_OBJC_ISA_USAGE = YES_ERROR;
				CLANG_WARN_EMPTY_BODY = YES;
				CLANG_WARN_ENUM_CONVERSION = YES;
				CLANG_WARN_INT_CONVERSION = YES;
				CLANG_WARN_OBJC_ROOT_CLASS = YES_ERROR;
				CLANG_WARN_UNREACHABLE_CODE = YES;
				CLANG_WARN__DUPLICATE_METHOD_MATCH = YES;
				CODE_SIGN_IDENTITY = "-";
				COPY_PHASE_STRIP = NO;
				DEBUG_INFORMATION_FORMAT = "dwarf-with-dsym";
				ENABLE_NS_ASSERTIONS = NO;
				ENABLE_STRICT_OBJC_MSGSEND = YES;
				GCC_C_LANGUAGE_STANDARD = gnu99;
				GCC_NO_COMMON_BLOCKS = YES;
				GCC_WARN_64_TO_32_BIT_CONVERSION = YES;
				GCC_WARN_ABOUT_RETURN_TYPE = YES_ERROR;
				GCC_WARN_UNDECLARED_SELECTOR = YES;
				GCC_WARN_UNINITIALIZED_AUTOS = YES_AGGRESSIVE;
				GCC_WARN_UNUSED_FUNCTION = YES;
				GCC_WARN_UNUSED_VARIABLE = YES;
				MACOSX_DEPLOYMENT_TARGET = 10.11;
				MTL_ENABLE_DEBUG_INFO = NO;
				SDKROOT = macosx;
			};
			name = Release;
		};
		96F13F131CAF32910050E30B /* Debug */ = {
			isa = XCBuildConfiguration;
			buildSettings = {
				ASSETCATALOG_COMPILER_APPICON_NAME = AppIcon;
				COMBINE_HIDPI_IMAGES = YES;
				INFOPLIST_FILE = RaiseMan/Info.plist;
				LD_RUNPATH_SEARCH_PATHS = "$(inherited) @executable_path/../Frameworks";
				PRODUCT_BUNDLE_IDENTIFIER = com.atjason.swift.cocoa.RaiseMan;
				PRODUCT_NAME = "$(TARGET_NAME)";
			};
			name = Debug;
		};
		96F13F141CAF32910050E30B /* Release */ = {
			isa = XCBuildConfiguration;
			buildSettings = {
				ASSETCATALOG_COMPILER_APPICON_NAME = AppIcon;
				COMBINE_HIDPI_IMAGES = YES;
				INFOPLIST_FILE = RaiseMan/Info.plist;
				LD_RUNPATH_SEARCH_PATHS = "$(inherited) @executable_path/../Frameworks";
				PRODUCT_BUNDLE_IDENTIFIER = com.atjason.swift.cocoa.RaiseMan;
				PRODUCT_NAME = "$(TARGET_NAME)";
			};
			name = Release;
		};
/* End XCBuildConfiguration section */

/* Begin XCConfigurationList section */
		96F13EFB1CAF32900050E30B /* Build configuration list for PBXProject "RaiseMan" */ = {
			isa = XCConfigurationList;
			buildConfigurations = (
				96F13F101CAF32910050E30B /* Debug */,
				96F13F111CAF32910050E30B /* Release */,
			);
			defaultConfigurationIsVisible = 0;
			defaultConfigurationName = Release;
		};
		96F13F121CAF32910050E30B /* Build configuration list for PBXNativeTarget "RaiseMan" */ = {
			isa = XCConfigurationList;
			buildConfigurations = (
				96F13F131CAF32910050E30B /* Debug */,
				96F13F141CAF32910050E30B /* Release */,
			);
			defaultConfigurationIsVisible = 0;
		};
/* End XCConfigurationList section */
	};
	rootObject = 96F13EF81CAF32900050E30B /* Project object */;
}
