// !$*UTF8*$!
{
	archiveVersion = 1;
	classes = {
	};
	objectVersion = 46;
	objects = {

/* Begin PBXBuildFile section */
		9601546C1CAE10E1008B0103 /* AppDelegate.swift in Sources */ = {isa = PBXBuildFile; fileRef = 9601546B1CAE10E1008B0103 /* AppDelegate.swift */; };
		9601546E1CAE10E1008B0103 /* Assets.xcassets in Resources */ = {isa = PBXBuildFile; fileRef = 9601546D1CAE10E1008B0103 /* Assets.xcassets */; };
		960154711CAE10E1008B0103 /* MainMenu.xib in Resources */ = {isa = PBXBuildFile; fileRef = 9601546F1CAE10E1008B0103 /* MainMenu.xib */; };
		960154791CAE10F8008B0103 /* MainWindowController.xib in Resources */ = {isa = PBXBuildFile; fileRef = 960154781CAE10F8008B0103 /* MainWindowController.xib */; };
		9601547C1CAE1106008B0103 /* MainWindowController.swift in Sources */ = {isa = PBXBuildFile; fileRef = 9601547B1CAE1106008B0103 /* MainWindowController.swift */; };
/* End PBXBuildFile section */

/* Begin PBXFileReference section */
		960154681CAE10E1008B0103 /* WindowOfFixedAspectRatio.app */ = {isa = PBXFileReference; explicitFileType = wrapper.application; includeInIndex = 0; path = WindowOfFixedAspectRatio.app; sourceTree = BUILT_PRODUCTS_DIR; };
		9601546B1CAE10E1008B0103 /* AppDelegate.swift */ = {isa = PBXFileReference; lastKnownFileType = sourcecode.swift; path = AppDelegate.swift; sourceTree = "<group>"; };
		9601546D1CAE10E1008B0103 /* Assets.xcassets */ = {isa = PBXFileReference; lastKnownFileType = folder.assetcatalog; path = Assets.xcassets; sourceTree = "<group>"; };
		960154701CAE10E1008B0103 /* Base */ = {isa = PBXFileReference; lastKnownFileType = file.xib; name = Base; path = Base.lproj/MainMenu.xib; sourceTree = "<group>"; };
		960154721CAE10E1008B0103 /* Info.plist */ = {isa = PBXFileReference; lastKnownFileType = text.plist.xml; path = Info.plist; sourceTree = "<group>"; };
		960154781CAE10F8008B0103 /* MainWindowController.xib */ = {isa = PBXFileReference; fileEncoding = 4; lastKnownFileType = file.xib; path = MainWindowController.xib; sourceTree = "<group>"; };
		9601547B1CAE1106008B0103 /* MainWindowController.swift */ = {isa = PBXFileReference; fileEncoding = 4; lastKnownFileType = sourcecode.swift; path = MainWindowController.swift; sourceTree = "<group>"; };
/* End PBXFileReference section */

/* Begin PBXFrameworksBuildPhase section */
		960154651CAE10E1008B0103 /* Frameworks */ = {
			isa = PBXFrameworksBuildPhase;
			buildActionMask = 2147483647;
			files = (
			);
			runOnlyForDeploymentPostprocessing = 0;
		};
/* End PBXFrameworksBuildPhase section */

/* Begin PBXGroup section */
		9601545F1CAE10E1008B0103 = {
			isa = PBXGroup;
			children = (
				9601546A1CAE10E1008B0103 /* WindowOfFixedAspectRatio */,
				960154691CAE10E1008B0103 /* Products */,
			);
			sourceTree = "<group>";
		};
		960154691CAE10E1008B0103 /* Products */ = {
			isa = PBXGroup;
			children = (
				960154681CAE10E1008B0103 /* WindowOfFixedAspectRatio.app */,
			);
			name = Products;
			sourceTree = "<group>";
		};
		9601546A1CAE10E1008B0103 /* WindowOfFixedAspectRatio */ = {
			isa = PBXGroup;
			children = (
				9601546B1CAE10E1008B0103 /* AppDelegate.swift */,
				9601546D1CAE10E1008B0103 /* Assets.xcassets */,
				9601546F1CAE10E1008B0103 /* MainMenu.xib */,
				960154721CAE10E1008B0103 /* Info.plist */,
				9601547B1CAE1106008B0103 /* MainWindowController.swift */,
				960154781CAE10F8008B0103 /* MainWindowController.xib */,
			);
			path = WindowOfFixedAspectRatio;
			sourceTree = "<group>";
		};
/* End PBXGroup section */

/* Begin PBXNativeTarget section */
		960154671CAE10E1008B0103 /* WindowOfFixedAspectRatio */ = {
			isa = PBXNativeTarget;
			buildConfigurationList = 960154751CAE10E1008B0103 /* Build configuration list for PBXNativeTarget "WindowOfFixedAspectRatio" */;
			buildPhases = (
				960154641CAE10E1008B0103 /* Sources */,
				960154651CAE10E1008B0103 /* Frameworks */,
				960154661CAE10E1008B0103 /* Resources */,
			);
			buildRules = (
			);
			dependencies = (
			);
			name = WindowOfFixedAspectRatio;
			productName = WindowOfFixedAspectRatio;
			productReference = 960154681CAE10E1008B0103 /* WindowOfFixedAspectRatio.app */;
			productType = "com.apple.product-type.application";
		};
/* End PBXNativeTarget section */

/* Begin PBXProject section */
		960154601CAE10E1008B0103 /* Project object */ = {
			isa = PBXProject;
			attributes = {
				LastSwiftUpdateCheck = 0730;
				LastUpgradeCheck = 0730;
				ORGANIZATIONNAME = "Jason Zheng";
				TargetAttributes = {
					960154671CAE10E1008B0103 = {
						CreatedOnToolsVersion = 7.3;
					};
				};
			};
			buildConfigurationList = 960154631CAE10E1008B0103 /* Build configuration list for PBXProject "WindowOfFixedAspectRatio" */;
			compatibilityVersion = "Xcode 3.2";
			developmentRegion = English;
			hasScannedForEncodings = 0;
			knownRegions = (
				en,
				Base,
			);
			mainGroup = 9601545F1CAE10E1008B0103;
			productRefGroup = 960154691CAE10E1008B0103 /* Products */;
			projectDirPath = "";
			projectRoot = "";
			targets = (
				960154671CAE10E1008B0103 /* WindowOfFixedAspectRatio */,
			);
		};
/* End PBXProject section */

/* Begin PBXResourcesBuildPhase section */
		960154661CAE10E1008B0103 /* Resources */ = {
			isa = PBXResourcesBuildPhase;
			buildActionMask = 2147483647;
			files = (
				9601546E1CAE10E1008B0103 /* Assets.xcassets in Resources */,
				960154791CAE10F8008B0103 /* MainWindowController.xib in Resources */,
				960154711CAE10E1008B0103 /* MainMenu.xib in Resources */,
			);
			runOnlyForDeploymentPostprocessing = 0;
		};
/* End PBXResourcesBuildPhase section */

/* Begin PBXSourcesBuildPhase section */
		960154641CAE10E1008B0103 /* Sources */ = {
			isa = PBXSourcesBuildPhase;
			buildActionMask = 2147483647;
			files = (
				9601547C1CAE1106008B0103 /* MainWindowController.swift in Sources */,
				9601546C1CAE10E1008B0103 /* AppDelegate.swift in Sources */,
			);
			runOnlyForDeploymentPostprocessing = 0;
		};
/* End PBXSourcesBuildPhase section */

/* Begin PBXVariantGroup section */
		9601546F1CAE10E1008B0103 /* MainMenu.xib */ = {
			isa = PBXVariantGroup;
			children = (
				960154701CAE10E1008B0103 /* Base */,
			);
			name = MainMenu.xib;
			sourceTree = "<group>";
		};
/* End PBXVariantGroup section */

/* Begin XCBuildConfiguration section */
		960154731CAE10E1008B0103 /* Debug */ = {
			isa = XCBuildConfiguration;
			buildSettings = {
				ALWAYS_SEARCH_USER_PATHS = NO;
				CLANG_ANALYZER_NONNULL = YES;
				CLANG_CXX_LANGUAGE_STANDARD = "gnu++0x";
				CLANG_CXX_LIBRARY = "libc++";
				CLANG_ENABLE_MODULES = YES;
				CLANG_ENABLE_OBJC_ARC = YES;
				CLANG_WARN_BOOL_CONVERSION = YES;
				CLANG_WARN_CONSTANT_CONVERSION = YES;
				CLANG_WARN_DIRECT_OBJC_ISA_USAGE = YES_ERROR;
				CLANG_WARN_EMPTY_BODY = YES;
				CLANG_WARN_ENUM_CONVERSION = YES;
				CLANG_WARN_INT_CONVERSION = YES;
				CLANG_WARN_OBJC_ROOT_CLASS = YES_ERROR;
				CLANG_WARN_UNREACHABLE_CODE = YES;
				CLANG_WARN__DUPLICATE_METHOD_MATCH = YES;
				CODE_SIGN_IDENTITY = "-";
				COPY_PHASE_STRIP = NO;
				DEBUG_INFORMATION_FORMAT = dwarf;
				ENABLE_STRICT_OBJC_MSGSEND = YES;
				ENABLE_TESTABILITY = YES;
				GCC_C_LANGUAGE_STANDARD = gnu99;
				GCC_DYNAMIC_NO_PIC = NO;
				GCC_NO_COMMON_BLOCKS = YES;
				GCC_OPTIMIZATION_LEVEL = 0;
				GCC_PREPROCESSOR_DEFINITIONS = (
					"DEBUG=1",
					"$(inherited)",
				);
				GCC_WARN_64_TO_32_BIT_CONVERSION = YES;
				GCC_WARN_ABOUT_RETURN_TYPE = YES_ERROR;
				GCC_WARN_UNDECLARED_SELECTOR = YES;
				GCC_WARN_UNINITIALIZED_AUTOS = YES_AGGRESSIVE;
				GCC_WARN_UNUSED_FUNCTION = YES;
				GCC_WARN_UNUSED_VARIABLE = YES;
				MACOSX_DEPLOYMENT_TARGET = 10.11;
				MTL_ENABLE_DEBUG_INFO = YES;
				ONLY_ACTIVE_ARCH = YES;
				SDKROOT = macosx;
				SWIFT_OPTIMIZATION_LEVEL = "-Onone";
			};
			name = Debug;
		};
		960154741CAE10E1008B0103 /* Release */ = {
			isa = XCBuildConfiguration;
			buildSettings = {
				ALWAYS_SEARCH_USER_PATHS = NO;
				CLANG_ANALYZER_NONNULL = YES;
				CLANG_CXX_LANGUAGE_STANDARD = "gnu++0x";
				CLANG_CXX_LIBRARY = "libc++";
				CLANG_ENABLE_MODULES = YES;
				CLANG_ENABLE_OBJC_ARC = YES;
				CLANG_WARN_BOOL_CONVERSION = YES;
				CLANG_WARN_CONSTANT_CONVERSION = YES;
				CLANG_WARN_DIRECT_OBJC_ISA_USAGE = YES_ERROR;
				CLANG_WARN_EMPTY_BODY = YES;
				CLANG_WARN_ENUM_CONVERSION = YES;
				CLANG_WARN_INT_CONVERSION = YES;
				CLANG_WARN_OBJC_ROOT_CLASS = YES_ERROR;
				CLANG_WARN_UNREACHABLE_CODE = YES;
				CLANG_WARN__DUPLICATE_METHOD_MATCH = YES;
				CODE_SIGN_IDENTITY = "-";
				COPY_PHASE_STRIP = NO;
				DEBUG_INFORMATION_FORMAT = "dwarf-with-dsym";
				ENABLE_NS_ASSERTIONS = NO;
				ENABLE_STRICT_OBJC_MSGSEND = YES;
				GCC_C_LANGUAGE_STANDARD = gnu99;
				GCC_NO_COMMON_BLOCKS = YES;
				GCC_WARN_64_TO_32_BIT_CONVERSION = YES;
				GCC_WARN_ABOUT_RETURN_TYPE = YES_ERROR;
				GCC_WARN_UNDECLARED_SELECTOR = YES;
				GCC_WARN_UNINITIALIZED_AUTOS = YES_AGGRESSIVE;
				GCC_WARN_UNUSED_FUNCTION = YES;
				GCC_WARN_UNUSED_VARIABLE = YES;
				MACOSX_DEPLOYMENT_TARGET = 10.11;
				MTL_ENABLE_DEBUG_INFO = NO;
				SDKROOT = macosx;
			};
			name = Release;
		};
		960154761CAE10E1008B0103 /* Debug */ = {
			isa = XCBuildConfiguration;
			buildSettings = {
				ASSETCATALOG_COMPILER_APPICON_NAME = AppIcon;
				COMBINE_HIDPI_IMAGES = YES;
				INFOPLIST_FILE = WindowOfFixedAspectRatio/Info.plist;
				LD_RUNPATH_SEARCH_PATHS = "$(inherited) @executable_path/../Frameworks";
				PRODUCT_BUNDLE_IDENTIFIER = com.atjason.swift.cocoa.WindowOfFixedAspectRatio;
				PRODUCT_NAME = "$(TARGET_NAME)";
			};
			name = Debug;
		};
		960154771CAE10E1008B0103 /* Release */ = {
			isa = XCBuildConfiguration;
			buildSettings = {
				ASSETCATALOG_COMPILER_APPICON_NAME = AppIcon;
				COMBINE_HIDPI_IMAGES = YES;
				INFOPLIST_FILE = WindowOfFixedAspectRatio/Info.plist;
				LD_RUNPATH_SEARCH_PATHS = "$(inherited) @executable_path/../Frameworks";
				PRODUCT_BUNDLE_IDENTIFIER = com.atjason.swift.cocoa.WindowOfFixedAspectRatio;
				PRODUCT_NAME = "$(TARGET_NAME)";
			};
			name = Release;
		};
/* End XCBuildConfiguration section */

/* Begin XCConfigurationList section */
		960154631CAE10E1008B0103 /* Build configuration list for PBXProject "WindowOfFixedAspectRatio" */ = {
			isa = XCConfigurationList;
			buildConfigurations = (
				960154731CAE10E1008B0103 /* Debug */,
				960154741CAE10E1008B0103 /* Release */,
			);
			defaultConfigurationIsVisible = 0;
			defaultConfigurationName = Release;
		};
		960154751CAE10E1008B0103 /* Build configuration list for PBXNativeTarget "WindowOfFixedAspectRatio" */ = {
			isa = XCConfigurationList;
			buildConfigurations = (
				960154761CAE10E1008B0103 /* Debug */,
				960154771CAE10E1008B0103 /* Release */,
			);
			defaultConfigurationIsVisible = 0;
		};
/* End XCConfigurationList section */
	};
	rootObject = 960154601CAE10E1008B0103 /* Project object */;
}
