// !$*UTF8*$!
{
	archiveVersion = 1;
	classes = {
	};
	objectVersion = 46;
	objects = {

/* Begin PBXBuildFile section */
		96FCD7651CC308670002A85D /* AppDelegate.swift in Sources */ = {isa = PBXBuildFile; fileRef = 96FCD7641CC308670002A85D /* AppDelegate.swift */; };
		96FCD7671CC308670002A85D /* ViewController.swift in Sources */ = {isa = PBXBuildFile; fileRef = 96FCD7661CC308670002A85D /* ViewController.swift */; };
		96FCD7691CC308670002A85D /* Assets.xcassets in Resources */ = {isa = PBXBuildFile; fileRef = 96FCD7681CC308670002A85D /* Assets.xcassets */; };
		96FCD76C1CC308670002A85D /* Main.storyboard in Resources */ = {isa = PBXBuildFile; fileRef = 96FCD76A1CC308670002A85D /* Main.storyboard */; };
/* End PBXBuildFile section */

/* Begin PBXFileReference section */
		96FCD7611CC308670002A85D /* FileList.app */ = {isa = PBXFileReference; explicitFileType = wrapper.application; includeInIndex = 0; path = FileList.app; sourceTree = BUILT_PRODUCTS_DIR; };
		96FCD7641CC308670002A85D /* AppDelegate.swift */ = {isa = PBXFileReference; lastKnownFileType = sourcecode.swift; path = AppDelegate.swift; sourceTree = "<group>"; };
		96FCD7661CC308670002A85D /* ViewController.swift */ = {isa = PBXFileReference; lastKnownFileType = sourcecode.swift; path = ViewController.swift; sourceTree = "<group>"; };
		96FCD7681CC308670002A85D /* Assets.xcassets */ = {isa = PBXFileReference; lastKnownFileType = folder.assetcatalog; path = Assets.xcassets; sourceTree = "<group>"; };
		96FCD76B1CC308670002A85D /* Base */ = {isa = PBXFileReference; lastKnownFileType = file.storyboard; name = Base; path = Base.lproj/Main.storyboard; sourceTree = "<group>"; };
		96FCD76D1CC308670002A85D /* Info.plist */ = {isa = PBXFileReference; lastKnownFileType = text.plist.xml; path = Info.plist; sourceTree = "<group>"; };
/* End PBXFileReference section */

/* Begin PBXFrameworksBuildPhase section */
		96FCD75E1CC308670002A85D /* Frameworks */ = {
			isa = PBXFrameworksBuildPhase;
			buildActionMask = 2147483647;
			files = (
			);
			runOnlyForDeploymentPostprocessing = 0;
		};
/* End PBXFrameworksBuildPhase section */

/* Begin PBXGroup section */
		96FCD7581CC308670002A85D = {
			isa = PBXGroup;
			children = (
				96FCD7631CC308670002A85D /* FileList */,
				96FCD7621CC308670002A85D /* Products */,
			);
			sourceTree = "<group>";
		};
		96FCD7621CC308670002A85D /* Products */ = {
			isa = PBXGroup;
			children = (
				96FCD7611CC308670002A85D /* FileList.app */,
			);
			name = Products;
			sourceTree = "<group>";
		};
		96FCD7631CC308670002A85D /* FileList */ = {
			isa = PBXGroup;
			children = (
				96FCD7641CC308670002A85D /* AppDelegate.swift */,
				96FCD7661CC308670002A85D /* ViewController.swift */,
				96FCD7681CC308670002A85D /* Assets.xcassets */,
				96FCD76A1CC308670002A85D /* Main.storyboard */,
				96FCD76D1CC308670002A85D /* Info.plist */,
			);
			path = FileList;
			sourceTree = "<group>";
		};
/* End PBXGroup section */

/* Begin PBXNativeTarget section */
		96FCD7601CC308670002A85D /* FileList */ = {
			isa = PBXNativeTarget;
			buildConfigurationList = 96FCD7701CC308670002A85D /* Build configuration list for PBXNativeTarget "FileList" */;
			buildPhases = (
				96FCD75D1CC308670002A85D /* Sources */,
				96FCD75E1CC308670002A85D /* Frameworks */,
				96FCD75F1CC308670002A85D /* Resources */,
			);
			buildRules = (
			);
			dependencies = (
			);
			name = FileList;
			productName = FileList;
			productReference = 96FCD7611CC308670002A85D /* FileList.app */;
			productType = "com.apple.product-type.application";
		};
/* End PBXNativeTarget section */

/* Begin PBXProject section */
		96FCD7591CC308670002A85D /* Project object */ = {
			isa = PBXProject;
			attributes = {
				LastSwiftUpdateCheck = 0730;
				LastUpgradeCheck = 0730;
				ORGANIZATIONNAME = "Jason Zheng";
				TargetAttributes = {
					96FCD7601CC308670002A85D = {
						CreatedOnToolsVersion = 7.3;
					};
				};
			};
			buildConfigurationList = 96FCD75C1CC308670002A85D /* Build configuration list for PBXProject "FileList" */;
			compatibilityVersion = "Xcode 3.2";
			developmentRegion = English;
			hasScannedForEncodings = 0;
			knownRegions = (
				en,
				Base,
			);
			mainGroup = 96FCD7581CC308670002A85D;
			productRefGroup = 96FCD7621CC308670002A85D /* Products */;
			projectDirPath = "";
			projectRoot = "";
			targets = (
				96FCD7601CC308670002A85D /* FileList */,
			);
		};
/* End PBXProject section */

/* Begin PBXResourcesBuildPhase section */
		96FCD75F1CC308670002A85D /* Resources */ = {
			isa = PBXResourcesBuildPhase;
			buildActionMask = 2147483647;
			files = (
				96FCD7691CC308670002A85D /* Assets.xcassets in Resources */,
				96FCD76C1CC308670002A85D /* Main.storyboard in Resources */,
			);
			runOnlyForDeploymentPostprocessing = 0;
		};
/* End PBXResourcesBuildPhase section */

/* Begin PBXSourcesBuildPhase section */
		96FCD75D1CC308670002A85D /* Sources */ = {
			isa = PBXSourcesBuildPhase;
			buildActionMask = 2147483647;
			files = (
				96FCD7671CC308670002A85D /* ViewController.swift in Sources */,
				96FCD7651CC308670002A85D /* AppDelegate.swift in Sources */,
			);
			runOnlyForDeploymentPostprocessing = 0;
		};
/* End PBXSourcesBuildPhase section */

/* Begin PBXVariantGroup section */
		96FCD76A1CC308670002A85D /* Main.storyboard */ = {
			isa = PBXVariantGroup;
			children = (
				96FCD76B1CC308670002A85D /* Base */,
			);
			name = Main.storyboard;
			sourceTree = "<group>";
		};
/* End PBXVariantGroup section */

/* Begin XCBuildConfiguration section */
		96FCD76E1CC308670002A85D /* Debug */ = {
			isa = XCBuildConfiguration;
			buildSettings = {
				ALWAYS_SEARCH_USER_PATHS = NO;
				CLANG_ANALYZER_NONNULL = YES;
				CLANG_CXX_LANGUAGE_STANDARD = "gnu++0x";
				CLANG_CXX_LIBRARY = "libc++";
				CLANG_ENABLE_MODULES = YES;
				CLANG_ENABLE_OBJC_ARC = YES;
				CLANG_WARN_BOOL_CONVERSION = YES;
				CLANG_WARN_CONSTANT_CONVERSION = YES;
				CLANG_WARN_DIRECT_OBJC_ISA_USAGE = YES_ERROR;
				CLANG_WARN_EMPTY_BODY = YES;
				CLANG_WARN_ENUM_CONVERSION = YES;
				CLANG_WARN_INT_CONVERSION = YES;
				CLANG_WARN_OBJC_ROOT_CLASS = YES_ERROR;
				CLANG_WARN_UNREACHABLE_CODE = YES;
				CLANG_WARN__DUPLICATE_METHOD_MATCH = YES;
				CODE_SIGN_IDENTITY = "-";
				COPY_PHASE_STRIP = NO;
				DEBUG_INFORMATION_FORMAT = dwarf;
				ENABLE_STRICT_OBJC_MSGSEND = YES;
				ENABLE_TESTABILITY = YES;
				GCC_C_LANGUAGE_STANDARD = gnu99;
				GCC_DYNAMIC_NO_PIC = NO;
				GCC_NO_COMMON_BLOCKS = YES;
				GCC_OPTIMIZATION_LEVEL = 0;
				GCC_PREPROCESSOR_DEFINITIONS = (
					"DEBUG=1",
					"$(inherited)",
				);
				GCC_WARN_64_TO_32_BIT_CONVERSION = YES;
				GCC_WARN_ABOUT_RETURN_TYPE = YES_ERROR;
				GCC_WARN_UNDECLARED_SELECTOR = YES;
				GCC_WARN_UNINITIALIZED_AUTOS = YES_AGGRESSIVE;
				GCC_WARN_UNUSED_FUNCTION = YES;
				GCC_WARN_UNUSED_VARIABLE = YES;
				MACOSX_DEPLOYMENT_TARGET = 10.11;
				MTL_ENABLE_DEBUG_INFO = YES;
				ONLY_ACTIVE_ARCH = YES;
				SDKROOT = macosx;
				SWIFT_OPTIMIZATION_LEVEL = "-Onone";
			};
			name = Debug;
		};
		96FCD76F1CC308670002A85D /* Release */ = {
			isa = XCBuildConfiguration;
			buildSettings = {
				ALWAYS_SEARCH_USER_PATHS = NO;
				CLANG_ANALYZER_NONNULL = YES;
				CLANG_CXX_LANGUAGE_STANDARD = "gnu++0x";
				CLANG_CXX_LIBRARY = "libc++";
				CLANG_ENABLE_MODULES = YES;
				CLANG_ENABLE_OBJC_ARC = YES;
				CLANG_WARN_BOOL_CONVERSION = YES;
				CLANG_WARN_CONSTANT_CONVERSION = YES;
				CLANG_WARN_DIRECT_OBJC_ISA_USAGE = YES_ERROR;
				CLANG_WARN_EMPTY_BODY = YES;
				CLANG_WARN_ENUM_CONVERSION = YES;
				CLANG_WARN_INT_CONVERSION = YES;
				CLANG_WARN_OBJC_ROOT_CLASS = YES_ERROR;
				CLANG_WARN_UNREACHABLE_CODE = YES;
				CLANG_WARN__DUPLICATE_METHOD_MATCH = YES;
				CODE_SIGN_IDENTITY = "-";
				COPY_PHASE_STRIP = NO;
				DEBUG_INFORMATION_FORMAT = "dwarf-with-dsym";
				ENABLE_NS_ASSERTIONS = NO;
				ENABLE_STRICT_OBJC_MSGSEND = YES;
				GCC_C_LANGUAGE_STANDARD = gnu99;
				GCC_NO_COMMON_BLOCKS = YES;
				GCC_WARN_64_TO_32_BIT_CONVERSION = YES;
				GCC_WARN_ABOUT_RETURN_TYPE = YES_ERROR;
				GCC_WARN_UNDECLARED_SELECTOR = YES;
				GCC_WARN_UNINITIALIZED_AUTOS = YES_AGGRESSIVE;
				GCC_WARN_UNUSED_FUNCTION = YES;
				GCC_WARN_UNUSED_VARIABLE = YES;
				MACOSX_DEPLOYMENT_TARGET = 10.11;
				MTL_ENABLE_DEBUG_INFO = NO;
				SDKROOT = macosx;
			};
			name = Release;
		};
		96FCD7711CC308670002A85D /* Debug */ = {
			isa = XCBuildConfiguration;
			buildSettings = {
				ASSETCATALOG_COMPILER_APPICON_NAME = AppIcon;
				COMBINE_HIDPI_IMAGES = YES;
				INFOPLIST_FILE = FileList/Info.plist;
				LD_RUNPATH_SEARCH_PATHS = "$(inherited) @executable_path/../Frameworks";
				PRODUCT_BUNDLE_IDENTIFIER = com.atjason.swift.cocoa.FileList;
				PRODUCT_NAME = "$(TARGET_NAME)";
			};
			name = Debug;
		};
		96FCD7721CC308670002A85D /* Release */ = {
			isa = XCBuildConfiguration;
			buildSettings = {
				ASSETCATALOG_COMPILER_APPICON_NAME = AppIcon;
				COMBINE_HIDPI_IMAGES = YES;
				INFOPLIST_FILE = FileList/Info.plist;
				LD_RUNPATH_SEARCH_PATHS = "$(inherited) @executable_path/../Frameworks";
				PRODUCT_BUNDLE_IDENTIFIER = com.atjason.swift.cocoa.FileList;
				PRODUCT_NAME = "$(TARGET_NAME)";
			};
			name = Release;
		};
/* End XCBuildConfiguration section */

/* Begin XCConfigurationList section */
		96FCD75C1CC308670002A85D /* Build configuration list for PBXProject "FileList" */ = {
			isa = XCConfigurationList;
			buildConfigurations = (
				96FCD76E1CC308670002A85D /* Debug */,
				96FCD76F1CC308670002A85D /* Release */,
			);
			defaultConfigurationIsVisible = 0;
			defaultConfigurationName = Release;
		};
		96FCD7701CC308670002A85D /* Build configuration list for PBXNativeTarget "FileList" */ = {
			isa = XCConfigurationList;
			buildConfigurations = (
				96FCD7711CC308670002A85D /* Debug */,
				96FCD7721CC308670002A85D /* Release */,
			);
			defaultConfigurationIsVisible = 0;
		};
/* End XCConfigurationList section */
	};
	rootObject = 96FCD7591CC308670002A85D /* Project object */;
}
