// !$*UTF8*$!
{
	archiveVersion = 1;
	classes = {
	};
	objectVersion = 46;
	objects = {

/* Begin PBXBuildFile section */
		96737F4A1CC7822D00EC41B7 /* AppDelegate.swift in Sources */ = {isa = PBXBuildFile; fileRef = 96737F491CC7822D00EC41B7 /* AppDelegate.swift */; };
		96737F4C1CC7822D00EC41B7 /* Assets.xcassets in Resources */ = {isa = PBXBuildFile; fileRef = 96737F4B1CC7822D00EC41B7 /* Assets.xcassets */; };
		96737F4F1CC7822D00EC41B7 /* MainMenu.xib in Resources */ = {isa = PBXBuildFile; fileRef = 96737F4D1CC7822D00EC41B7 /* MainMenu.xib */; };
		96737F581CC7825500EC41B7 /* MainWindowController.swift in Sources */ = {isa = PBXBuildFile; fileRef = 96737F561CC7825500EC41B7 /* MainWindowController.swift */; };
		96737F591CC7825500EC41B7 /* MainWindowController.xib in Resources */ = {isa = PBXBuildFile; fileRef = 96737F571CC7825500EC41B7 /* MainWindowController.xib */; };
		96737F5B1CC782AF00EC41B7 /* Person.swift in Sources */ = {isa = PBXBuildFile; fileRef = 96737F5A1CC782AF00EC41B7 /* Person.swift */; };
/* End PBXBuildFile section */

/* Begin PBXFileReference section */
		96737F461CC7822D00EC41B7 /* NSPopUpButtonDemo.app */ = {isa = PBXFileReference; explicitFileType = wrapper.application; includeInIndex = 0; path = NSPopUpButtonDemo.app; sourceTree = BUILT_PRODUCTS_DIR; };
		96737F491CC7822D00EC41B7 /* AppDelegate.swift */ = {isa = PBXFileReference; lastKnownFileType = sourcecode.swift; path = AppDelegate.swift; sourceTree = "<group>"; };
		96737F4B1CC7822D00EC41B7 /* Assets.xcassets */ = {isa = PBXFileReference; lastKnownFileType = folder.assetcatalog; path = Assets.xcassets; sourceTree = "<group>"; };
		96737F4E1CC7822D00EC41B7 /* Base */ = {isa = PBXFileReference; lastKnownFileType = file.xib; name = Base; path = Base.lproj/MainMenu.xib; sourceTree = "<group>"; };
		96737F501CC7822D00EC41B7 /* Info.plist */ = {isa = PBXFileReference; lastKnownFileType = text.plist.xml; path = Info.plist; sourceTree = "<group>"; };
		96737F561CC7825500EC41B7 /* MainWindowController.swift */ = {isa = PBXFileReference; fileEncoding = 4; lastKnownFileType = sourcecode.swift; path = MainWindowController.swift; sourceTree = "<group>"; };
		96737F571CC7825500EC41B7 /* MainWindowController.xib */ = {isa = PBXFileReference; fileEncoding = 4; lastKnownFileType = file.xib; path = MainWindowController.xib; sourceTree = "<group>"; };
		96737F5A1CC782AF00EC41B7 /* Person.swift */ = {isa = PBXFileReference; fileEncoding = 4; lastKnownFileType = sourcecode.swift; path = Person.swift; sourceTree = "<group>"; };
/* End PBXFileReference section */

/* Begin PBXFrameworksBuildPhase section */
		96737F431CC7822D00EC41B7 /* Frameworks */ = {
			isa = PBXFrameworksBuildPhase;
			buildActionMask = 2147483647;
			files = (
			);
			runOnlyForDeploymentPostprocessing = 0;
		};
/* End PBXFrameworksBuildPhase section */

/* Begin PBXGroup section */
		96737F3D1CC7822D00EC41B7 = {
			isa = PBXGroup;
			children = (
				96737F481CC7822D00EC41B7 /* NSPopUpButtonDemo */,
				96737F471CC7822D00EC41B7 /* Products */,
			);
			sourceTree = "<group>";
		};
		96737F471CC7822D00EC41B7 /* Products */ = {
			isa = PBXGroup;
			children = (
				96737F461CC7822D00EC41B7 /* NSPopUpButtonDemo.app */,
			);
			name = Products;
			sourceTree = "<group>";
		};
		96737F481CC7822D00EC41B7 /* NSPopUpButtonDemo */ = {
			isa = PBXGroup;
			children = (
				96737F491CC7822D00EC41B7 /* AppDelegate.swift */,
				96737F4B1CC7822D00EC41B7 /* Assets.xcassets */,
				96737F4D1CC7822D00EC41B7 /* MainMenu.xib */,
				96737F501CC7822D00EC41B7 /* Info.plist */,
				96737F5A1CC782AF00EC41B7 /* Person.swift */,
				96737F561CC7825500EC41B7 /* MainWindowController.swift */,
				96737F571CC7825500EC41B7 /* MainWindowController.xib */,
			);
			path = NSPopUpButtonDemo;
			sourceTree = "<group>";
		};
/* End PBXGroup section */

/* Begin PBXNativeTarget section */
		96737F451CC7822D00EC41B7 /* NSPopUpButtonDemo */ = {
			isa = PBXNativeTarget;
			buildConfigurationList = 96737F531CC7822D00EC41B7 /* Build configuration list for PBXNativeTarget "NSPopUpButtonDemo" */;
			buildPhases = (
				96737F421CC7822D00EC41B7 /* Sources */,
				96737F431CC7822D00EC41B7 /* Frameworks */,
				96737F441CC7822D00EC41B7 /* Resources */,
			);
			buildRules = (
			);
			dependencies = (
			);
			name = NSPopUpButtonDemo;
			productName = NSPopUpButtonDemo;
			productReference = 96737F461CC7822D00EC41B7 /* NSPopUpButtonDemo.app */;
			productType = "com.apple.product-type.application";
		};
/* End PBXNativeTarget section */

/* Begin PBXProject section */
		96737F3E1CC7822D00EC41B7 /* Project object */ = {
			isa = PBXProject;
			attributes = {
				LastSwiftUpdateCheck = 0730;
				LastUpgradeCheck = 0730;
				ORGANIZATIONNAME = "Jason Zheng";
				TargetAttributes = {
					96737F451CC7822D00EC41B7 = {
						CreatedOnToolsVersion = 7.3;
					};
				};
			};
			buildConfigurationList = 96737F411CC7822D00EC41B7 /* Build configuration list for PBXProject "NSPopUpButtonDemo" */;
			compatibilityVersion = "Xcode 3.2";
			developmentRegion = English;
			hasScannedForEncodings = 0;
			knownRegions = (
				en,
				Base,
			);
			mainGroup = 96737F3D1CC7822D00EC41B7;
			productRefGroup = 96737F471CC7822D00EC41B7 /* Products */;
			projectDirPath = "";
			projectRoot = "";
			targets = (
				96737F451CC7822D00EC41B7 /* NSPopUpButtonDemo */,
			);
		};
/* End PBXProject section */

/* Begin PBXResourcesBuildPhase section */
		96737F441CC7822D00EC41B7 /* Resources */ = {
			isa = PBXResourcesBuildPhase;
			buildActionMask = 2147483647;
			files = (
				96737F4C1CC7822D00EC41B7 /* Assets.xcassets in Resources */,
				96737F591CC7825500EC41B7 /* MainWindowController.xib in Resources */,
				96737F4F1CC7822D00EC41B7 /* MainMenu.xib in Resources */,
			);
			runOnlyForDeploymentPostprocessing = 0;
		};
/* End PBXResourcesBuildPhase section */

/* Begin PBXSourcesBuildPhase section */
		96737F421CC7822D00EC41B7 /* Sources */ = {
			isa = PBXSourcesBuildPhase;
			buildActionMask = 2147483647;
			files = (
				96737F5B1CC782AF00EC41B7 /* Person.swift in Sources */,
				96737F581CC7825500EC41B7 /* MainWindowController.swift in Sources */,
				96737F4A1CC7822D00EC41B7 /* AppDelegate.swift in Sources */,
			);
			runOnlyForDeploymentPostprocessing = 0;
		};
/* End PBXSourcesBuildPhase section */

/* Begin PBXVariantGroup section */
		96737F4D1CC7822D00EC41B7 /* MainMenu.xib */ = {
			isa = PBXVariantGroup;
			children = (
				96737F4E1CC7822D00EC41B7 /* Base */,
			);
			name = MainMenu.xib;
			sourceTree = "<group>";
		};
/* End PBXVariantGroup section */

/* Begin XCBuildConfiguration section */
		96737F511CC7822D00EC41B7 /* Debug */ = {
			isa = XCBuildConfiguration;
			buildSettings = {
				ALWAYS_SEARCH_USER_PATHS = NO;
				CLANG_ANALYZER_NONNULL = YES;
				CLANG_CXX_LANGUAGE_STANDARD = "gnu++0x";
				CLANG_CXX_LIBRARY = "libc++";
				CLANG_ENABLE_MODULES = YES;
				CLANG_ENABLE_OBJC_ARC = YES;
				CLANG_WARN_BOOL_CONVERSION = YES;
				CLANG_WARN_CONSTANT_CONVERSION = YES;
				CLANG_WARN_DIRECT_OBJC_ISA_USAGE = YES_ERROR;
				CLANG_WARN_EMPTY_BODY = YES;
				CLANG_WARN_ENUM_CONVERSION = YES;
				CLANG_WARN_INT_CONVERSION = YES;
				CLANG_WARN_OBJC_ROOT_CLASS = YES_ERROR;
				CLANG_WARN_UNREACHABLE_CODE = YES;
				CLANG_WARN__DUPLICATE_METHOD_MATCH = YES;
				CODE_SIGN_IDENTITY = "-";
				COPY_PHASE_STRIP = NO;
				DEBUG_INFORMATION_FORMAT = dwarf;
				ENABLE_STRICT_OBJC_MSGSEND = YES;
				ENABLE_TESTABILITY = YES;
				GCC_C_LANGUAGE_STANDARD = gnu99;
				GCC_DYNAMIC_NO_PIC = NO;
				GCC_NO_COMMON_BLOCKS = YES;
				GCC_OPTIMIZATION_LEVEL = 0;
				GCC_PREPROCESSOR_DEFINITIONS = (
					"DEBUG=1",
					"$(inherited)",
				);
				GCC_WARN_64_TO_32_BIT_CONVERSION = YES;
				GCC_WARN_ABOUT_RETURN_TYPE = YES_ERROR;
				GCC_WARN_UNDECLARED_SELECTOR = YES;
				GCC_WARN_UNINITIALIZED_AUTOS = YES_AGGRESSIVE;
				GCC_WARN_UNUSED_FUNCTION = YES;
				GCC_WARN_UNUSED_VARIABLE = YES;
				MACOSX_DEPLOYMENT_TARGET = 10.11;
				MTL_ENABLE_DEBUG_INFO = YES;
				ONLY_ACTIVE_ARCH = YES;
				SDKROOT = macosx;
				SWIFT_OPTIMIZATION_LEVEL = "-Onone";
			};
			name = Debug;
		};
		96737F521CC7822D00EC41B7 /* Release */ = {
			isa = XCBuildConfiguration;
			buildSettings = {
				ALWAYS_SEARCH_USER_PATHS = NO;
				CLANG_ANALYZER_NONNULL = YES;
				CLANG_CXX_LANGUAGE_STANDARD = "gnu++0x";
				CLANG_CXX_LIBRARY = "libc++";
				CLANG_ENABLE_MODULES = YES;
				CLANG_ENABLE_OBJC_ARC = YES;
				CLANG_WARN_BOOL_CONVERSION = YES;
				CLANG_WARN_CONSTANT_CONVERSION = YES;
				CLANG_WARN_DIRECT_OBJC_ISA_USAGE = YES_ERROR;
				CLANG_WARN_EMPTY_BODY = YES;
				CLANG_WARN_ENUM_CONVERSION = YES;
				CLANG_WARN_INT_CONVERSION = YES;
				CLANG_WARN_OBJC_ROOT_CLASS = YES_ERROR;
				CLANG_WARN_UNREACHABLE_CODE = YES;
				CLANG_WARN__DUPLICATE_METHOD_MATCH = YES;
				CODE_SIGN_IDENTITY = "-";
				COPY_PHASE_STRIP = NO;
				DEBUG_INFORMATION_FORMAT = "dwarf-with-dsym";
				ENABLE_NS_ASSERTIONS = NO;
				ENABLE_STRICT_OBJC_MSGSEND = YES;
				GCC_C_LANGUAGE_STANDARD = gnu99;
				GCC_NO_COMMON_BLOCKS = YES;
				GCC_WARN_64_TO_32_BIT_CONVERSION = YES;
				GCC_WARN_ABOUT_RETURN_TYPE = YES_ERROR;
				GCC_WARN_UNDECLARED_SELECTOR = YES;
				GCC_WARN_UNINITIALIZED_AUTOS = YES_AGGRESSIVE;
				GCC_WARN_UNUSED_FUNCTION = YES;
				GCC_WARN_UNUSED_VARIABLE = YES;
				MACOSX_DEPLOYMENT_TARGET = 10.11;
				MTL_ENABLE_DEBUG_INFO = NO;
				SDKROOT = macosx;
			};
			name = Release;
		};
		96737F541CC7822D00EC41B7 /* Debug */ = {
			isa = XCBuildConfiguration;
			buildSettings = {
				ASSETCATALOG_COMPILER_APPICON_NAME = AppIcon;
				COMBINE_HIDPI_IMAGES = YES;
				INFOPLIST_FILE = NSPopUpButtonDemo/Info.plist;
				LD_RUNPATH_SEARCH_PATHS = "$(inherited) @executable_path/../Frameworks";
				PRODUCT_BUNDLE_IDENTIFIER = com.atjason.swift.cocoa.NSPopUpButtonDemo;
				PRODUCT_NAME = "$(TARGET_NAME)";
			};
			name = Debug;
		};
		96737F551CC7822D00EC41B7 /* Release */ = {
			isa = XCBuildConfiguration;
			buildSettings = {
				ASSETCATALOG_COMPILER_APPICON_NAME = AppIcon;
				COMBINE_HIDPI_IMAGES = YES;
				INFOPLIST_FILE = NSPopUpButtonDemo/Info.plist;
				LD_RUNPATH_SEARCH_PATHS = "$(inherited) @executable_path/../Frameworks";
				PRODUCT_BUNDLE_IDENTIFIER = com.atjason.swift.cocoa.NSPopUpButtonDemo;
				PRODUCT_NAME = "$(TARGET_NAME)";
			};
			name = Release;
		};
/* End XCBuildConfiguration section */

/* Begin XCConfigurationList section */
		96737F411CC7822D00EC41B7 /* Build configuration list for PBXProject "NSPopUpButtonDemo" */ = {
			isa = XCConfigurationList;
			buildConfigurations = (
				96737F511CC7822D00EC41B7 /* Debug */,
				96737F521CC7822D00EC41B7 /* Release */,
			);
			defaultConfigurationIsVisible = 0;
			defaultConfigurationName = Release;
		};
		96737F531CC7822D00EC41B7 /* Build configuration list for PBXNativeTarget "NSPopUpButtonDemo" */ = {
			isa = XCConfigurationList;
			buildConfigurations = (
				96737F541CC7822D00EC41B7 /* Debug */,
				96737F551CC7822D00EC41B7 /* Release */,
			);
			defaultConfigurationIsVisible = 0;
		};
/* End XCConfigurationList section */
	};
	rootObject = 96737F3E1CC7822D00EC41B7 /* Project object */;
}
